// !$*UTF8*$!
{
	archiveVersion = 1;
	classes = {
	};
	objectVersion = 77;
	objects = {

/* Begin PBXBuildFile section */
		1204DC142D915FE90065A48E /* AppDelegate.swift in Sources */ = {isa = PBXBuildFile; fileRef = 1204DC092D915FE90065A48E /* AppDelegate.swift */; };
		1204DC152D915FE90065A48E /* SceneDelegate.swift in Sources */ = {isa = PBXBuildFile; fileRef = 1204DC0B2D915FE90065A48E /* SceneDelegate.swift */; };
		1204DC162D915FE90065A48E /* WeatherViewController.swift in Sources */ = {isa = PBXBuildFile; fileRef = 1204DC122D915FE90065A48E /* WeatherViewController.swift */; };
		1204DC182D915FE90065A48E /* Assets.xcassets in Resources */ = {isa = PBXBuildFile; fileRef = 1204DC0D2D915FE90065A48E /* Assets.xcassets */; };
		1204DC192D915FE90065A48E /* LaunchScreen.storyboard in Resources */ = {isa = PBXBuildFile; fileRef = 1204DC0F2D915FE90065A48E /* LaunchScreen.storyboard */; };
		1204DC1A2D915FE90065A48E /* Main.storyboard in Resources */ = {isa = PBXBuildFile; fileRef = 1204DC112D915FE90065A48E /* Main.storyboard */; };
		1204DC1F2D91724E0065A48E /* SearchViewController.swift in Sources */ = {isa = PBXBuildFile; fileRef = 1204DC1E2D91724E0065A48E /* SearchViewController.swift */; };
		1204DC222D917A960065A48E /* Weather.swift in Sources */ = {isa = PBXBuildFile; fileRef = 1204DC212D917A950065A48E /* Weather.swift */; };
		1204DC252D917C090065A48E /* NetworkManager.swift in Sources */ = {isa = PBXBuildFile; fileRef = 1204DC242D917C090065A48E /* NetworkManager.swift */; };
		1204DC282D917F990065A48E /* TableHeaderView.swift in Sources */ = {isa = PBXBuildFile; fileRef = 1204DC272D917F990065A48E /* TableHeaderView.swift */; };
		1204DC2A2D917FBB0065A48E /* TableHeaderView.xib in Resources */ = {isa = PBXBuildFile; fileRef = 1204DC292D917FBB0065A48E /* TableHeaderView.xib */; };
		1204DC2D2D9183200065A48E /* Extension + UIView.swift in Sources */ = {isa = PBXBuildFile; fileRef = 1204DC2C2D9183200065A48E /* Extension + UIView.swift */; };
		1204DC2F2D9185360065A48E /* Extension + UIActivityIndicatorView.swift in Sources */ = {isa = PBXBuildFile; fileRef = 1204DC2E2D9185340065A48E /* Extension + UIActivityIndicatorView.swift */; };
		1204DC322D9186F80065A48E /* Kingfisher in Frameworks */ = {isa = PBXBuildFile; productRef = 1204DC312D9186F80065A48E /* Kingfisher */; };
		1204DC342D91878A0065A48E /* Extension + UIImage.swift in Sources */ = {isa = PBXBuildFile; fileRef = 1204DC332D9187880065A48E /* Extension + UIImage.swift */; };
		1204DC372D9188920065A48E /* CollectionTableCell.swift in Sources */ = {isa = PBXBuildFile; fileRef = 1204DC352D9188920065A48E /* CollectionTableCell.swift */; };
		1204DC382D9188920065A48E /* CollectionTableCell.xib in Resources */ = {isa = PBXBuildFile; fileRef = 1204DC362D9188920065A48E /* CollectionTableCell.xib */; };
		1204DC3A2D9189430065A48E /* HourlyForecastCell.swift in Sources */ = {isa = PBXBuildFile; fileRef = 1204DC392D9189430065A48E /* HourlyForecastCell.swift */; };
		1204DC3C2D918BEA0065A48E /* Extension + String.swift in Sources */ = {isa = PBXBuildFile; fileRef = 1204DC3B2D918BE90065A48E /* Extension + String.swift */; };
		1204DC3E2D918C0D0065A48E /* Extension + Date.swift in Sources */ = {isa = PBXBuildFile; fileRef = 1204DC3D2D918C0C0065A48E /* Extension + Date.swift */; };
		1204DC402D918E710065A48E /* DailyForecastCell.swift in Sources */ = {isa = PBXBuildFile; fileRef = 1204DC3F2D918E710065A48E /* DailyForecastCell.swift */; };
		1204DC422D918FF20065A48E /* Extension + UILayoutPriority.swift in Sources */ = {isa = PBXBuildFile; fileRef = 1204DC412D918FF10065A48E /* Extension + UILayoutPriority.swift */; };
		1204DC442D9190090065A48E /* Extension + NSLayoutConstraint.swift in Sources */ = {isa = PBXBuildFile; fileRef = 1204DC432D9190080065A48E /* Extension + NSLayoutConstraint.swift */; };
		12A7DAD62D929E4F003D3EE6 /* SectionHeader.swift in Sources */ = {isa = PBXBuildFile; fileRef = 12A7DAD52D929E4D003D3EE6 /* SectionHeader.swift */; };
		12A7DAD82D929F2B003D3EE6 /* SectionHeaderView.swift in Sources */ = {isa = PBXBuildFile; fileRef = 12A7DAD72D929F2B003D3EE6 /* SectionHeaderView.swift */; };
		12A7DADA2D92A242003D3EE6 /* LocationManager.swift in Sources */ = {isa = PBXBuildFile; fileRef = 12A7DAD92D92A240003D3EE6 /* LocationManager.swift */; };
		12A7DADC2D92B2D0003D3EE6 /* Extension + UINavigationController.swift in Sources */ = {isa = PBXBuildFile; fileRef = 12A7DADB2D92B2BC003D3EE6 /* Extension + UINavigationController.swift */; };
		12A7DADE2D92B71D003D3EE6 /* LocalSearchManager.swift in Sources */ = {isa = PBXBuildFile; fileRef = 12A7DADD2D92B71A003D3EE6 /* LocalSearchManager.swift */; };
		12A7DAE02D92BD43003D3EE6 /* Debouncer.swift in Sources */ = {isa = PBXBuildFile; fileRef = 12A7DADF2D92BD42003D3EE6 /* Debouncer.swift */; };
/* End PBXBuildFile section */

/* Begin PBXFileReference section */
		1204DBF02D915B7B0065A48E /* Weather.app */ = {isa = PBXFileReference; explicitFileType = wrapper.application; includeInIndex = 0; path = Weather.app; sourceTree = BUILT_PRODUCTS_DIR; };
		1204DC092D915FE90065A48E /* AppDelegate.swift */ = {isa = PBXFileReference; lastKnownFileType = sourcecode.swift; path = AppDelegate.swift; sourceTree = "<group>"; };
		1204DC0A2D915FE90065A48E /* Info.plist */ = {isa = PBXFileReference; lastKnownFileType = text.plist.xml; path = Info.plist; sourceTree = "<group>"; };
		1204DC0B2D915FE90065A48E /* SceneDelegate.swift */ = {isa = PBXFileReference; lastKnownFileType = sourcecode.swift; path = SceneDelegate.swift; sourceTree = "<group>"; };
		1204DC0D2D915FE90065A48E /* Assets.xcassets */ = {isa = PBXFileReference; lastKnownFileType = folder.assetcatalog; path = Assets.xcassets; sourceTree = "<group>"; };
		1204DC0E2D915FE90065A48E /* Base */ = {isa = PBXFileReference; lastKnownFileType = file.storyboard; name = Base; path = Base.lproj/LaunchScreen.storyboard; sourceTree = "<group>"; };
		1204DC102D915FE90065A48E /* Base */ = {isa = PBXFileReference; lastKnownFileType = file.storyboard; name = Base; path = Base.lproj/Main.storyboard; sourceTree = "<group>"; };
		1204DC122D915FE90065A48E /* WeatherViewController.swift */ = {isa = PBXFileReference; lastKnownFileType = sourcecode.swift; path = WeatherViewController.swift; sourceTree = "<group>"; };
		1204DC1E2D91724E0065A48E /* SearchViewController.swift */ = {isa = PBXFileReference; lastKnownFileType = sourcecode.swift; path = SearchViewController.swift; sourceTree = "<group>"; };
		1204DC212D917A950065A48E /* Weather.swift */ = {isa = PBXFileReference; lastKnownFileType = sourcecode.swift; path = Weather.swift; sourceTree = "<group>"; };
		1204DC242D917C090065A48E /* NetworkManager.swift */ = {isa = PBXFileReference; lastKnownFileType = sourcecode.swift; path = NetworkManager.swift; sourceTree = "<group>"; };
		1204DC272D917F990065A48E /* TableHeaderView.swift */ = {isa = PBXFileReference; lastKnownFileType = sourcecode.swift; path = TableHeaderView.swift; sourceTree = "<group>"; };
		1204DC292D917FBB0065A48E /* TableHeaderView.xib */ = {isa = PBXFileReference; lastKnownFileType = file.xib; path = TableHeaderView.xib; sourceTree = "<group>"; };
		1204DC2C2D9183200065A48E /* Extension + UIView.swift */ = {isa = PBXFileReference; lastKnownFileType = sourcecode.swift; path = "Extension + UIView.swift"; sourceTree = "<group>"; };
		1204DC2E2D9185340065A48E /* Extension + UIActivityIndicatorView.swift */ = {isa = PBXFileReference; lastKnownFileType = sourcecode.swift; path = "Extension + UIActivityIndicatorView.swift"; sourceTree = "<group>"; };
		1204DC332D9187880065A48E /* Extension + UIImage.swift */ = {isa = PBXFileReference; lastKnownFileType = sourcecode.swift; path = "Extension + UIImage.swift"; sourceTree = "<group>"; };
		1204DC352D9188920065A48E /* CollectionTableCell.swift */ = {isa = PBXFileReference; lastKnownFileType = sourcecode.swift; path = CollectionTableCell.swift; sourceTree = "<group>"; };
		1204DC362D9188920065A48E /* CollectionTableCell.xib */ = {isa = PBXFileReference; lastKnownFileType = file.xib; path = CollectionTableCell.xib; sourceTree = "<group>"; };
		1204DC392D9189430065A48E /* HourlyForecastCell.swift */ = {isa = PBXFileReference; lastKnownFileType = sourcecode.swift; path = HourlyForecastCell.swift; sourceTree = "<group>"; };
		1204DC3B2D918BE90065A48E /* Extension + String.swift */ = {isa = PBXFileReference; lastKnownFileType = sourcecode.swift; path = "Extension + String.swift"; sourceTree = "<group>"; };
		1204DC3D2D918C0C0065A48E /* Extension + Date.swift */ = {isa = PBXFileReference; lastKnownFileType = sourcecode.swift; path = "Extension + Date.swift"; sourceTree = "<group>"; };
		1204DC3F2D918E710065A48E /* DailyForecastCell.swift */ = {isa = PBXFileReference; lastKnownFileType = sourcecode.swift; path = DailyForecastCell.swift; sourceTree = "<group>"; };
		1204DC412D918FF10065A48E /* Extension + UILayoutPriority.swift */ = {isa = PBXFileReference; lastKnownFileType = sourcecode.swift; path = "Extension + UILayoutPriority.swift"; sourceTree = "<group>"; };
		1204DC432D9190080065A48E /* Extension + NSLayoutConstraint.swift */ = {isa = PBXFileReference; lastKnownFileType = sourcecode.swift; path = "Extension + NSLayoutConstraint.swift"; sourceTree = "<group>"; };
		12A7DAD52D929E4D003D3EE6 /* SectionHeader.swift */ = {isa = PBXFileReference; lastKnownFileType = sourcecode.swift; path = SectionHeader.swift; sourceTree = "<group>"; };
		12A7DAD72D929F2B003D3EE6 /* SectionHeaderView.swift */ = {isa = PBXFileReference; lastKnownFileType = sourcecode.swift; path = SectionHeaderView.swift; sourceTree = "<group>"; };
		12A7DAD92D92A240003D3EE6 /* LocationManager.swift */ = {isa = PBXFileReference; lastKnownFileType = sourcecode.swift; path = LocationManager.swift; sourceTree = "<group>"; };
		12A7DADB2D92B2BC003D3EE6 /* Extension + UINavigationController.swift */ = {isa = PBXFileReference; lastKnownFileType = sourcecode.swift; path = "Extension + UINavigationController.swift"; sourceTree = "<group>"; };
		12A7DADD2D92B71A003D3EE6 /* LocalSearchManager.swift */ = {isa = PBXFileReference; lastKnownFileType = sourcecode.swift; path = LocalSearchManager.swift; sourceTree = "<group>"; };
		12A7DADF2D92BD42003D3EE6 /* Debouncer.swift */ = {isa = PBXFileReference; lastKnownFileType = sourcecode.swift; path = Debouncer.swift; sourceTree = "<group>"; };
/* End PBXFileReference section */

/* Begin PBXFrameworksBuildPhase section */
		1204DBED2D915B7B0065A48E /* Frameworks */ = {
			isa = PBXFrameworksBuildPhase;
			buildActionMask = 2147483647;
			files = (
				1204DC322D9186F80065A48E /* Kingfisher in Frameworks */,
			);
			runOnlyForDeploymentPostprocessing = 0;
		};
/* End PBXFrameworksBuildPhase section */

/* Begin PBXGroup section */
		1204DBE72D915B7B0065A48E = {
			isa = PBXGroup;
			children = (
				1204DC132D915FE90065A48E /* Weather */,
				1204DBF12D915B7B0065A48E /* Products */,
			);
			sourceTree = "<group>";
		};
		1204DBF12D915B7B0065A48E /* Products */ = {
			isa = PBXGroup;
			children = (
				1204DBF02D915B7B0065A48E /* Weather.app */,
			);
			name = Products;
			sourceTree = "<group>";
		};
		1204DC0C2D915FE90065A48E /* App */ = {
			isa = PBXGroup;
			children = (
				1204DC092D915FE90065A48E /* AppDelegate.swift */,
				1204DC0B2D915FE90065A48E /* SceneDelegate.swift */,
				1204DC0A2D915FE90065A48E /* Info.plist */,
			);
			path = App;
			sourceTree = "<group>";
		};
		1204DC132D915FE90065A48E /* Weather */ = {
			isa = PBXGroup;
			children = (
				1204DC0C2D915FE90065A48E /* App */,
				1204DC1B2D915FFC0065A48E /* ViewControllers */,
				1204DC262D917DD70065A48E /* Views */,
				1204DC202D917A7A0065A48E /* Models */,
				1204DC232D917BEF0065A48E /* Services */,
				1204DC2B2D9182F20065A48E /* Extensions */,
				1204DC1D2D91602B0065A48E /* Storyboards */,
				1204DC1C2D91601F0065A48E /* Resources */,
			);
			path = Weather;
			sourceTree = "<group>";
		};
		1204DC1B2D915FFC0065A48E /* ViewControllers */ = {
			isa = PBXGroup;
			children = (
				1204DC122D915FE90065A48E /* WeatherViewController.swift */,
				1204DC1E2D91724E0065A48E /* SearchViewController.swift */,
			);
			path = ViewControllers;
			sourceTree = "<group>";
		};
		1204DC1C2D91601F0065A48E /* Resources */ = {
			isa = PBXGroup;
			children = (
				1204DC0D2D915FE90065A48E /* Assets.xcassets */,
			);
			path = Resources;
			sourceTree = "<group>";
		};
		1204DC1D2D91602B0065A48E /* Storyboards */ = {
			isa = PBXGroup;
			children = (
				1204DC0F2D915FE90065A48E /* LaunchScreen.storyboard */,
				1204DC112D915FE90065A48E /* Main.storyboard */,
			);
			path = Storyboards;
			sourceTree = "<group>";
		};
		1204DC202D917A7A0065A48E /* Models */ = {
			isa = PBXGroup;
			children = (
				1204DC212D917A950065A48E /* Weather.swift */,
				12A7DAD52D929E4D003D3EE6 /* SectionHeader.swift */,
			);
			path = Models;
			sourceTree = "<group>";
		};
		1204DC232D917BEF0065A48E /* Services */ = {
			isa = PBXGroup;
			children = (
				12A7DAD92D92A240003D3EE6 /* LocationManager.swift */,
				1204DC242D917C090065A48E /* NetworkManager.swift */,
				12A7DADD2D92B71A003D3EE6 /* LocalSearchManager.swift */,
				12A7DADF2D92BD42003D3EE6 /* Debouncer.swift */,
			);
			path = Services;
			sourceTree = "<group>";
		};
		1204DC262D917DD70065A48E /* Views */ = {
			isa = PBXGroup;
			children = (
				1204DC272D917F990065A48E /* TableHeaderView.swift */,
				1204DC292D917FBB0065A48E /* TableHeaderView.xib */,
				1204DC352D9188920065A48E /* CollectionTableCell.swift */,
				1204DC362D9188920065A48E /* CollectionTableCell.xib */,
				1204DC392D9189430065A48E /* HourlyForecastCell.swift */,
				1204DC3F2D918E710065A48E /* DailyForecastCell.swift */,
				12A7DAD72D929F2B003D3EE6 /* SectionHeaderView.swift */,
			);
			path = Views;
			sourceTree = "<group>";
		};
		1204DC2B2D9182F20065A48E /* Extensions */ = {
			isa = PBXGroup;
			children = (
				12A7DADB2D92B2BC003D3EE6 /* Extension + UINavigationController.swift */,
				1204DC432D9190080065A48E /* Extension + NSLayoutConstraint.swift */,
				1204DC412D918FF10065A48E /* Extension + UILayoutPriority.swift */,
				1204DC3D2D918C0C0065A48E /* Extension + Date.swift */,
				1204DC3B2D918BE90065A48E /* Extension + String.swift */,
				1204DC332D9187880065A48E /* Extension + UIImage.swift */,
				1204DC2E2D9185340065A48E /* Extension + UIActivityIndicatorView.swift */,
				1204DC2C2D9183200065A48E /* Extension + UIView.swift */,
			);
			path = Extensions;
			sourceTree = "<group>";
		};
/* End PBXGroup section */

/* Begin PBXNativeTarget section */
		1204DBEF2D915B7B0065A48E /* Weather */ = {
			isa = PBXNativeTarget;
			buildConfigurationList = 1204DC032D915B7E0065A48E /* Build configuration list for PBXNativeTarget "Weather" */;
			buildPhases = (
				1204DBEC2D915B7B0065A48E /* Sources */,
				1204DBED2D915B7B0065A48E /* Frameworks */,
				1204DBEE2D915B7B0065A48E /* Resources */,
			);
			buildRules = (
			);
			dependencies = (
			);
			name = Weather;
			packageProductDependencies = (
				1204DC312D9186F80065A48E /* Kingfisher */,
			);
			productName = Weather;
			productReference = 1204DBF02D915B7B0065A48E /* Weather.app */;
			productType = "com.apple.product-type.application";
		};
/* End PBXNativeTarget section */

/* Begin PBXProject section */
		1204DBE82D915B7B0065A48E /* Project object */ = {
			isa = PBXProject;
			attributes = {
				BuildIndependentTargetsInParallel = 1;
				LastSwiftUpdateCheck = 1620;
				LastUpgradeCheck = 1620;
				TargetAttributes = {
					1204DBEF2D915B7B0065A48E = {
						CreatedOnToolsVersion = 16.2;
					};
				};
			};
			buildConfigurationList = 1204DBEB2D915B7B0065A48E /* Build configuration list for PBXProject "Weather" */;
			developmentRegion = en;
			hasScannedForEncodings = 0;
			knownRegions = (
				en,
				Base,
			);
			mainGroup = 1204DBE72D915B7B0065A48E;
			minimizedProjectReferenceProxies = 1;
			packageReferences = (
				1204DC302D9186F80065A48E /* XCRemoteSwiftPackageReference "Kingfisher" */,
			);
			preferredProjectObjectVersion = 77;
			productRefGroup = 1204DBF12D915B7B0065A48E /* Products */;
			projectDirPath = "";
			projectRoot = "";
			targets = (
				1204DBEF2D915B7B0065A48E /* Weather */,
			);
		};
/* End PBXProject section */

/* Begin PBXResourcesBuildPhase section */
		1204DBEE2D915B7B0065A48E /* Resources */ = {
			isa = PBXResourcesBuildPhase;
			buildActionMask = 2147483647;
			files = (
				1204DC2A2D917FBB0065A48E /* TableHeaderView.xib in Resources */,
				1204DC182D915FE90065A48E /* Assets.xcassets in Resources */,
				1204DC192D915FE90065A48E /* LaunchScreen.storyboard in Resources */,
				1204DC382D9188920065A48E /* CollectionTableCell.xib in Resources */,
				1204DC1A2D915FE90065A48E /* Main.storyboard in Resources */,
			);
			runOnlyForDeploymentPostprocessing = 0;
		};
/* End PBXResourcesBuildPhase section */

/* Begin PBXSourcesBuildPhase section */
		1204DBEC2D915B7B0065A48E /* Sources */ = {
			isa = PBXSourcesBuildPhase;
			buildActionMask = 2147483647;
			files = (
				1204DC372D9188920065A48E /* CollectionTableCell.swift in Sources */,
				1204DC252D917C090065A48E /* NetworkManager.swift in Sources */,
				1204DC2F2D9185360065A48E /* Extension + UIActivityIndicatorView.swift in Sources */,
				1204DC142D915FE90065A48E /* AppDelegate.swift in Sources */,
				1204DC152D915FE90065A48E /* SceneDelegate.swift in Sources */,
				1204DC402D918E710065A48E /* DailyForecastCell.swift in Sources */,
				1204DC3A2D9189430065A48E /* HourlyForecastCell.swift in Sources */,
				1204DC1F2D91724E0065A48E /* SearchViewController.swift in Sources */,
				1204DC3E2D918C0D0065A48E /* Extension + Date.swift in Sources */,
				12A7DAD82D929F2B003D3EE6 /* SectionHeaderView.swift in Sources */,
				1204DC2D2D9183200065A48E /* Extension + UIView.swift in Sources */,
				12A7DADC2D92B2D0003D3EE6 /* Extension + UINavigationController.swift in Sources */,
				1204DC162D915FE90065A48E /* WeatherViewController.swift in Sources */,
				12A7DADA2D92A242003D3EE6 /* LocationManager.swift in Sources */,
				12A7DAE02D92BD43003D3EE6 /* Debouncer.swift in Sources */,
				1204DC3C2D918BEA0065A48E /* Extension + String.swift in Sources */,
				1204DC342D91878A0065A48E /* Extension + UIImage.swift in Sources */,
				1204DC282D917F990065A48E /* TableHeaderView.swift in Sources */,
				12A7DAD62D929E4F003D3EE6 /* SectionHeader.swift in Sources */,
				1204DC222D917A960065A48E /* Weather.swift in Sources */,
				12A7DADE2D92B71D003D3EE6 /* LocalSearchManager.swift in Sources */,
				1204DC442D9190090065A48E /* Extension + NSLayoutConstraint.swift in Sources */,
				1204DC422D918FF20065A48E /* Extension + UILayoutPriority.swift in Sources */,
			);
			runOnlyForDeploymentPostprocessing = 0;
		};
/* End PBXSourcesBuildPhase section */

/* Begin PBXVariantGroup section */
		1204DC0F2D915FE90065A48E /* LaunchScreen.storyboard */ = {
			isa = PBXVariantGroup;
			children = (
				1204DC0E2D915FE90065A48E /* Base */,
			);
			name = LaunchScreen.storyboard;
			sourceTree = "<group>";
		};
		1204DC112D915FE90065A48E /* Main.storyboard */ = {
			isa = PBXVariantGroup;
			children = (
				1204DC102D915FE90065A48E /* Base */,
			);
			name = Main.storyboard;
			sourceTree = "<group>";
		};
/* End PBXVariantGroup section */

/* Begin XCBuildConfiguration section */
		1204DC042D915B7E0065A48E /* Debug */ = {
			isa = XCBuildConfiguration;
			buildSettings = {
				ASSETCATALOG_COMPILER_APPICON_NAME = AppIcon;
				ASSETCATALOG_COMPILER_GLOBAL_ACCENT_COLOR_NAME = AccentColor;
				CODE_SIGN_STYLE = Automatic;
				CURRENT_PROJECT_VERSION = 1;
				DEVELOPMENT_TEAM = P39WFRLYUG;
				GENERATE_INFOPLIST_FILE = YES;
				INFOPLIST_FILE = Weather/App/Info.plist;
				INFOPLIST_KEY_UIApplicationSupportsIndirectInputEvents = YES;
				INFOPLIST_KEY_UILaunchStoryboardName = LaunchScreen;
				INFOPLIST_KEY_UIMainStoryboardFile = Main;
				INFOPLIST_KEY_UISupportedInterfaceOrientations = UIInterfaceOrientationPortrait;
				INFOPLIST_KEY_UISupportedInterfaceOrientations_iPad = "UIInterfaceOrientationLandscapeLeft UIInterfaceOrientationLandscapeRight UIInterfaceOrientationPortrait UIInterfaceOrientationPortraitUpsideDown";
				LD_RUNPATH_SEARCH_PATHS = (
					"$(inherited)",
					"@executable_path/Frameworks",
				);
				MARKETING_VERSION = 1.0;
				PRODUCT_BUNDLE_IDENTIFIER = mokhinsam.Weather;
				PRODUCT_NAME = "$(TARGET_NAME)";
				SUPPORTED_PLATFORMS = "iphoneos iphonesimulator";
				SUPPORTS_MACCATALYST = NO;
				SUPPORTS_MAC_DESIGNED_FOR_IPHONE_IPAD = NO;
				SUPPORTS_XR_DESIGNED_FOR_IPHONE_IPAD = NO;
				SWIFT_EMIT_LOC_STRINGS = YES;
				SWIFT_VERSION = 5.0;
				TARGETED_DEVICE_FAMILY = 1;
			};
			name = Debug;
		};
		1204DC052D915B7E0065A48E /* Release */ = {
			isa = XCBuildConfiguration;
			buildSettings = {
				ASSETCATALOG_COMPILER_APPICON_NAME = AppIcon;
				ASSETCATALOG_COMPILER_GLOBAL_ACCENT_COLOR_NAME = AccentColor;
				CODE_SIGN_STYLE = Automatic;
				CURRENT_PROJECT_VERSION = 1;
				DEVELOPMENT_TEAM = P39WFRLYUG;
				GENERATE_INFOPLIST_FILE = YES;
				INFOPLIST_FILE = Weather/App/Info.plist;
				INFOPLIST_KEY_UIApplicationSupportsIndirectInputEvents = YES;
				INFOPLIST_KEY_UILaunchStoryboardName = LaunchScreen;
				INFOPLIST_KEY_UIMainStoryboardFile = Main;
				INFOPLIST_KEY_UISupportedInterfaceOrientations = UIInterfaceOrientationPortrait;
				INFOPLIST_KEY_UISupportedInterfaceOrientations_iPad = "UIInterfaceOrientationLandscapeLeft UIInterfaceOrientationLandscapeRight UIInterfaceOrientationPortrait UIInterfaceOrientationPortraitUpsideDown";
				LD_RUNPATH_SEARCH_PATHS = (
					"$(inherited)",
					"@executable_path/Frameworks",
				);
				MARKETING_VERSION = 1.0;
				PRODUCT_BUNDLE_IDENTIFIER = mokhinsam.Weather;
				PRODUCT_NAME = "$(TARGET_NAME)";
				SUPPORTED_PLATFORMS = "iphoneos iphonesimulator";
				SUPPORTS_MACCATALYST = NO;
				SUPPORTS_MAC_DESIGNED_FOR_IPHONE_IPAD = NO;
				SUPPORTS_XR_DESIGNED_FOR_IPHONE_IPAD = NO;
				SWIFT_EMIT_LOC_STRINGS = YES;
				SWIFT_VERSION = 5.0;
				TARGETED_DEVICE_FAMILY = 1;
			};
			name = Release;
		};
		1204DC062D915B7E0065A48E /* Debug */ = {
			isa = XCBuildConfiguration;
			buildSettings = {
				ALWAYS_SEARCH_USER_PATHS = NO;
				ASSETCATALOG_COMPILER_GENERATE_SWIFT_ASSET_SYMBOL_EXTENSIONS = YES;
				CLANG_ANALYZER_NONNULL = YES;
				CLANG_ANALYZER_NUMBER_OBJECT_CONVERSION = YES_AGGRESSIVE;
				CLANG_CXX_LANGUAGE_STANDARD = "gnu++20";
				CLANG_ENABLE_MODULES = YES;
				CLANG_ENABLE_OBJC_ARC = YES;
				CLANG_ENABLE_OBJC_WEAK = YES;
				CLANG_WARN_BLOCK_CAPTURE_AUTORELEASING = YES;
				CLANG_WARN_BOOL_CONVERSION = YES;
				CLANG_WARN_COMMA = YES;
				CLANG_WARN_CONSTANT_CONVERSION = YES;
				CLANG_WARN_DEPRECATED_OBJC_IMPLEMENTATIONS = YES;
				CLANG_WARN_DIRECT_OBJC_ISA_USAGE = YES_ERROR;
				CLANG_WARN_DOCUMENTATION_COMMENTS = YES;
				CLANG_WARN_EMPTY_BODY = YES;
				CLANG_WARN_ENUM_CONVERSION = YES;
				CLANG_WARN_INFINITE_RECURSION = YES;
				CLANG_WARN_INT_CONVERSION = YES;
				CLANG_WARN_NON_LITERAL_NULL_CONVERSION = YES;
				CLANG_WARN_OBJC_IMPLICIT_RETAIN_SELF = YES;
				CLANG_WARN_OBJC_LITERAL_CONVERSION = YES;
				CLANG_WARN_OBJC_ROOT_CLASS = YES_ERROR;
				CLANG_WARN_QUOTED_INCLUDE_IN_FRAMEWORK_HEADER = YES;
				CLANG_WARN_RANGE_LOOP_ANALYSIS = YES;
				CLANG_WARN_STRICT_PROTOTYPES = YES;
				CLANG_WARN_SUSPICIOUS_MOVE = YES;
				CLANG_WARN_UNGUARDED_AVAILABILITY = YES_AGGRESSIVE;
				CLANG_WARN_UNREACHABLE_CODE = YES;
				CLANG_WARN__DUPLICATE_METHOD_MATCH = YES;
				COPY_PHASE_STRIP = NO;
				DEBUG_INFORMATION_FORMAT = dwarf;
				ENABLE_STRICT_OBJC_MSGSEND = YES;
				ENABLE_TESTABILITY = YES;
				ENABLE_USER_SCRIPT_SANDBOXING = YES;
				GCC_C_LANGUAGE_STANDARD = gnu17;
				GCC_DYNAMIC_NO_PIC = NO;
				GCC_NO_COMMON_BLOCKS = YES;
				GCC_OPTIMIZATION_LEVEL = 0;
				GCC_PREPROCESSOR_DEFINITIONS = (
					"DEBUG=1",
					"$(inherited)",
				);
				GCC_WARN_64_TO_32_BIT_CONVERSION = YES;
				GCC_WARN_ABOUT_RETURN_TYPE = YES_ERROR;
				GCC_WARN_UNDECLARED_SELECTOR = YES;
				GCC_WARN_UNINITIALIZED_AUTOS = YES_AGGRESSIVE;
				GCC_WARN_UNUSED_FUNCTION = YES;
				GCC_WARN_UNUSED_VARIABLE = YES;
				INFOPLIST_FILE = "";
				IPHONEOS_DEPLOYMENT_TARGET = 18.2;
				LOCALIZATION_PREFERS_STRING_CATALOGS = YES;
				MTL_ENABLE_DEBUG_INFO = INCLUDE_SOURCE;
				MTL_FAST_MATH = YES;
				ONLY_ACTIVE_ARCH = YES;
				SDKROOT = iphoneos;
				SWIFT_ACTIVE_COMPILATION_CONDITIONS = "DEBUG $(inherited)";
				SWIFT_OPTIMIZATION_LEVEL = "-Onone";
			};
			name = Debug;
		};
		1204DC072D915B7E0065A48E /* Release */ = {
			isa = XCBuildConfiguration;
			buildSettings = {
				ALWAYS_SEARCH_USER_PATHS = NO;
				ASSETCATALOG_COMPILER_GENERATE_SWIFT_ASSET_SYMBOL_EXTENSIONS = YES;
				CLANG_ANALYZER_NONNULL = YES;
				CLANG_ANALYZER_NUMBER_OBJECT_CONVERSION = YES_AGGRESSIVE;
				CLANG_CXX_LANGUAGE_STANDARD = "gnu++20";
				CLANG_ENABLE_MODULES = YES;
				CLANG_ENABLE_OBJC_ARC = YES;
				CLANG_ENABLE_OBJC_WEAK = YES;
				CLANG_WARN_BLOCK_CAPTURE_AUTORELEASING = YES;
				CLANG_WARN_BOOL_CONVERSION = YES;
				CLANG_WARN_COMMA = YES;
				CLANG_WARN_CONSTANT_CONVERSION = YES;
				CLANG_WARN_DEPRECATED_OBJC_IMPLEMENTATIONS = YES;
				CLANG_WARN_DIRECT_OBJC_ISA_USAGE = YES_ERROR;
				CLANG_WARN_DOCUMENTATION_COMMENTS = YES;
				CLANG_WARN_EMPTY_BODY = YES;
				CLANG_WARN_ENUM_CONVERSION = YES;
				CLANG_WARN_INFINITE_RECURSION = YES;
				CLANG_WARN_INT_CONVERSION = YES;
				CLANG_WARN_NON_LITERAL_NULL_CONVERSION = YES;
				CLANG_WARN_OBJC_IMPLICIT_RETAIN_SELF = YES;
				CLANG_WARN_OBJC_LITERAL_CONVERSION = YES;
				CLANG_WARN_OBJC_ROOT_CLASS = YES_ERROR;
				CLANG_WARN_QUOTED_INCLUDE_IN_FRAMEWORK_HEADER = YES;
				CLANG_WARN_RANGE_LOOP_ANALYSIS = YES;
				CLANG_WARN_STRICT_PROTOTYPES = YES;
				CLANG_WARN_SUSPICIOUS_MOVE = YES;
				CLANG_WARN_UNGUARDED_AVAILABILITY = YES_AGGRESSIVE;
				CLANG_WARN_UNREACHABLE_CODE = YES;
				CLANG_WARN__DUPLICATE_METHOD_MATCH = YES;
				COPY_PHASE_STRIP = NO;
				DEBUG_INFORMATION_FORMAT = "dwarf-with-dsym";
				ENABLE_NS_ASSERTIONS = NO;
				ENABLE_STRICT_OBJC_MSGSEND = YES;
				ENABLE_USER_SCRIPT_SANDBOXING = YES;
				GCC_C_LANGUAGE_STANDARD = gnu17;
				GCC_NO_COMMON_BLOCKS = YES;
				GCC_WARN_64_TO_32_BIT_CONVERSION = YES;
				GCC_WARN_ABOUT_RETURN_TYPE = YES_ERROR;
				GCC_WARN_UNDECLARED_SELECTOR = YES;
				GCC_WARN_UNINITIALIZED_AUTOS = YES_AGGRESSIVE;
				GCC_WARN_UNUSED_FUNCTION = YES;
				GCC_WARN_UNUSED_VARIABLE = YES;
				INFOPLIST_FILE = "";
				IPHONEOS_DEPLOYMENT_TARGET = 18.2;
				LOCALIZATION_PREFERS_STRING_CATALOGS = YES;
				MTL_ENABLE_DEBUG_INFO = NO;
				MTL_FAST_MATH = YES;
				SDKROOT = iphoneos;
				SWIFT_COMPILATION_MODE = wholemodule;
				VALIDATE_PRODUCT = YES;
			};
			name = Release;
		};
/* End XCBuildConfiguration section */

/* Begin XCConfigurationList section */
		1204DBEB2D915B7B0065A48E /* Build configuration list for PBXProject "Weather" */ = {
			isa = XCConfigurationList;
			buildConfigurations = (
				1204DC062D915B7E0065A48E /* Debug */,
				1204DC072D915B7E0065A48E /* Release */,
			);
			defaultConfigurationIsVisible = 0;
			defaultConfigurationName = Release;
		};
		1204DC032D915B7E0065A48E /* Build configuration list for PBXNativeTarget "Weather" */ = {
			isa = XCConfigurationList;
			buildConfigurations = (
				1204DC042D915B7E0065A48E /* Debug */,
				1204DC052D915B7E0065A48E /* Release */,
			);
			defaultConfigurationIsVisible = 0;
			defaultConfigurationName = Release;
		};
/* End XCConfigurationList section */

/* Begin XCRemoteSwiftPackageReference section */
		1204DC302D9186F80065A48E /* XCRemoteSwiftPackageReference "Kingfisher" */ = {
			isa = XCRemoteSwiftPackageReference;
			repositoryURL = "https://github.com/onevcat/Kingfisher";
			requirement = {
				kind = upToNextMajorVersion;
				minimumVersion = 8.3.1;
			};
		};
/* End XCRemoteSwiftPackageReference section */

/* Begin XCSwiftPackageProductDependency section */
		1204DC312D9186F80065A48E /* Kingfisher */ = {
			isa = XCSwiftPackageProductDependency;
			package = 1204DC302D9186F80065A48E /* XCRemoteSwiftPackageReference "Kingfisher" */;
			productName = Kingfisher;
		};
/* End XCSwiftPackageProductDependency section */
	};
	rootObject = 1204DBE82D915B7B0065A48E /* Project object */;
}
